
Microsoft Visual Studio Solution File, Format Version 12.00
# Visual Studio Version 16
VisualStudioVersion = 16.0.31205.134
MinimumVisualStudioVersion = 10.0.40219.1
Project("{FAE04EC0-301F-11D3-BF4B-00C04F79EFBC}") = "AutoNuke", "AutoNuke\AutoNuke.csproj", "{E6147F25-6004-448C-993D-8B1E9A889E92}"
EndProject
Global
	GlobalSection(SolutionConfigurationPlatforms) = preSolution
		Debug|Any CPU = Debug|Any CPU
		Release|Any CPU = Release|Any CPU
	EndGlobalSection
	GlobalSection(ProjectConfigurationPlatforms) = postSolution
		{E6147F25-6004-448C-993D-8B1E9A889E92}.Debug|Any CPU.ActiveCfg = Debug|Any CPU
		{E6147F25-6004-448C-993D-8B1E9A889E92}.Debug|Any CPU.Build.0 = Debug|Any CPU
		{E6147F25-6004-448C-993D-8B1E9A889E92}.Release|Any CPU.ActiveCfg = Release|Any CPU
		{E6147F25-6004-448C-993D-8B1E9A889E92}.Release|Any CPU.Build.0 = Release|Any CPU
	EndGlobalSection
	GlobalSection(SolutionProperties) = preSolution
		HideSolutionNode = FALSE
	EndGlobalSection
	GlobalSection(ExtensibilityGlobals) = postSolution
		SolutionGuid = {DC4A6CAD-B5B4-4FC8-8C69-228065A54250}
	EndGlobalSection
EndGlobal
